
Microsoft Visual Studio Solution File, Format Version 12.00
# Visual Studio 15
VisualStudioVersion = 15.0.27130.2010
MinimumVisualStudioVersion = 10.0.40219.1
Project("{FAE04EC0-301F-11D3-BF4B-00C04F79EFBC}") = "FortuaneTeller", "FortuaneTeller\FortuaneTeller.csproj", "{0D629CFA-9B98-443F-9DDF-284FCB9DF7C7}"
EndProject
Global
	GlobalSection(SolutionConfigurationPlatforms) = preSolution
		Debug|Any CPU = Debug|Any CPU
		Release|Any CPU = Release|Any CPU
	EndGlobalSection
	GlobalSection(ProjectConfigurationPlatforms) = postSolution
		{0D629CFA-9B98-443F-9DDF-284FCB9DF7C7}.Debug|Any CPU.ActiveCfg = Debug|Any CPU
		{0D629CFA-9B98-443F-9DDF-284FCB9DF7C7}.Debug|Any CPU.Build.0 = Debug|Any CPU
		{0D629CFA-9B98-443F-9DDF-284FCB9DF7C7}.Release|Any CPU.ActiveCfg = Release|Any CPU
		{0D629CFA-9B98-443F-9DDF-284FCB9DF7C7}.Release|Any CPU.Build.0 = Release|Any CPU
	EndGlobalSection
	GlobalSection(SolutionProperties) = preSolution
		HideSolutionNode = FALSE
	EndGlobalSection
	GlobalSection(ExtensibilityGlobals) = postSolution
		SolutionGuid = {76840057-E142-4AD9-A402-2A8796196DDF}
	EndGlobalSection
EndGlobal
